
Microsoft Visual Studio Solution File, Format Version 10.00
# Visual Studio 2008
Project("{8BC9CEB8-8B4A-11D0-8D11-00A0C91BC942}") = "libredis", "libredis.vcproj", "{1862779A-91D0-45C1-A05B-A03755FE2F28}"
EndProject
Project("{8BC9CEB8-8B4A-11D0-8D11-00A0C91BC942}") = "redis_test", "redis_test.vcproj", "{34E7D291-7B3E-412E-A40A-2E07E7F34BC0}"
	ProjectSection(ProjectDependencies) = postProject
		{1862779A-91D0-45C1-A05B-A03755FE2F28} = {1862779A-91D0-45C1-A05B-A03755FE2F28}
		{FB27FBDB-E6C0-4D00-A7F8-1EEEF1B48ABC} = {FB27FBDB-E6C0-4D00-A7F8-1EEEF1B48ABC}
	EndProjectSection
EndProject
Project("{8BC9CEB8-8B4A-11D0-8D11-00A0C91BC942}") = "redis_hash_test", "redis_hash_test.vcproj", "{E5B12887-4BF1-4971-B073-AF77B5BFC790}"
	ProjectSection(ProjectDependencies) = postProject
		{1862779A-91D0-45C1-A05B-A03755FE2F28} = {1862779A-91D0-45C1-A05B-A03755FE2F28}
		{FB27FBDB-E6C0-4D00-A7F8-1EEEF1B48ABC} = {FB27FBDB-E6C0-4D00-A7F8-1EEEF1B48ABC}
	EndProjectSection
EndProject
Project("{8BC9CEB8-8B4A-11D0-8D11-00A0C91BC942}") = "libgflags", "libgflags.vcproj", "{FB27FBDB-E6C0-4D00-A7F8-1EEEF1B48ABC}"
EndProject
Project("{8BC9CEB8-8B4A-11D0-8D11-00A0C91BC942}") = "redis_monitor", "redis_monitor.vcproj", "{9C758C1D-4327-46C5-89E3-B5BD65C707F8}"
	ProjectSection(ProjectDependencies) = postProject
		{1862779A-91D0-45C1-A05B-A03755FE2F28} = {1862779A-91D0-45C1-A05B-A03755FE2F28}
		{FB27FBDB-E6C0-4D00-A7F8-1EEEF1B48ABC} = {FB27FBDB-E6C0-4D00-A7F8-1EEEF1B48ABC}
	EndProjectSection
EndProject
Global
	GlobalSection(SolutionConfigurationPlatforms) = preSolution
		Debug|Win32 = Debug|Win32
		Release|Win32 = Release|Win32
	EndGlobalSection
	GlobalSection(ProjectConfigurationPlatforms) = postSolution
		{1862779A-91D0-45C1-A05B-A03755FE2F28}.Debug|Win32.ActiveCfg = Debug|Win32
		{1862779A-91D0-45C1-A05B-A03755FE2F28}.Debug|Win32.Build.0 = Debug|Win32
		{1862779A-91D0-45C1-A05B-A03755FE2F28}.Release|Win32.ActiveCfg = Release|Win32
		{1862779A-91D0-45C1-A05B-A03755FE2F28}.Release|Win32.Build.0 = Release|Win32
		{34E7D291-7B3E-412E-A40A-2E07E7F34BC0}.Debug|Win32.ActiveCfg = Debug|Win32
		{34E7D291-7B3E-412E-A40A-2E07E7F34BC0}.Debug|Win32.Build.0 = Debug|Win32
		{34E7D291-7B3E-412E-A40A-2E07E7F34BC0}.Release|Win32.ActiveCfg = Release|Win32
		{34E7D291-7B3E-412E-A40A-2E07E7F34BC0}.Release|Win32.Build.0 = Release|Win32
		{E5B12887-4BF1-4971-B073-AF77B5BFC790}.Debug|Win32.ActiveCfg = Debug|Win32
		{E5B12887-4BF1-4971-B073-AF77B5BFC790}.Debug|Win32.Build.0 = Debug|Win32
		{E5B12887-4BF1-4971-B073-AF77B5BFC790}.Release|Win32.ActiveCfg = Release|Win32
		{E5B12887-4BF1-4971-B073-AF77B5BFC790}.Release|Win32.Build.0 = Release|Win32
		{FB27FBDB-E6C0-4D00-A7F8-1EEEF1B48ABC}.Debug|Win32.ActiveCfg = Debug|Win32
		{FB27FBDB-E6C0-4D00-A7F8-1EEEF1B48ABC}.Debug|Win32.Build.0 = Debug|Win32
		{FB27FBDB-E6C0-4D00-A7F8-1EEEF1B48ABC}.Release|Win32.ActiveCfg = Release|Win32
		{FB27FBDB-E6C0-4D00-A7F8-1EEEF1B48ABC}.Release|Win32.Build.0 = Release|Win32
		{9C758C1D-4327-46C5-89E3-B5BD65C707F8}.Debug|Win32.ActiveCfg = Debug|Win32
		{9C758C1D-4327-46C5-89E3-B5BD65C707F8}.Debug|Win32.Build.0 = Debug|Win32
		{9C758C1D-4327-46C5-89E3-B5BD65C707F8}.Release|Win32.ActiveCfg = Release|Win32
		{9C758C1D-4327-46C5-89E3-B5BD65C707F8}.Release|Win32.Build.0 = Release|Win32
	EndGlobalSection
	GlobalSection(SolutionProperties) = preSolution
		HideSolutionNode = FALSE
	EndGlobalSection
EndGlobal
